
Microsoft Visual Studio Solution File, Format Version 12.00
# Visual Studio Version 17
VisualStudioVersion = 17.0.31912.275
MinimumVisualStudioVersion = 10.0.40219.1
Project("{9A19103F-16F7-4668-BE54-9A1E7A4F7556}") = "Osmi", "Osmi\Osmi.csproj", "{4FE70251-BB17-4C1B-B537-B5599BD77BE7}"
EndProject
Global
	GlobalSection(SolutionConfigurationPlatforms) = preSolution
		Debug|Any CPU = Debug|Any CPU
		Release|Any CPU = Release|Any CPU
	EndGlobalSection
	GlobalSection(ProjectConfigurationPlatforms) = postSolution
		{4FE70251-BB17-4C1B-B537-B5599BD77BE7}.Debug|Any CPU.ActiveCfg = Debug|Any CPU
		{4FE70251-BB17-4C1B-B537-B5599BD77BE7}.Debug|Any CPU.Build.0 = Debug|Any CPU
		{4FE70251-BB17-4C1B-B537-B5599BD77BE7}.Release|Any CPU.ActiveCfg = Release|Any CPU
		{4FE70251-BB17-4C1B-B537-B5599BD77BE7}.Release|Any CPU.Build.0 = Release|Any CPU
	EndGlobalSection
	GlobalSection(SolutionProperties) = preSolution
		HideSolutionNode = FALSE
	EndGlobalSection
	GlobalSection(ExtensibilityGlobals) = postSolution
		SolutionGuid = {7F6B5266-88D1-4E51-A6BB-6AFC9C1FC961}
	EndGlobalSection
EndGlobal
